// !$*UTF8*$!
{
	archiveVersion = 1;
	classes = {
	};
	objectVersion = 46;
	objects = {

/* Begin PBXBuildFile section */
		2BBB22CB1C113DE600F75BDC /* YLpopButton.m in Sources */ = {isa = PBXBuildFile; fileRef = 2BBB22CA1C113DE600F75BDC /* YLpopButton.m */; };
		2BD005341C0F3CDC0009BBEC /* main.m in Sources */ = {isa = PBXBuildFile; fileRef = 2BD005331C0F3CDC0009BBEC /* main.m */; };
		2BD005371C0F3CDC0009BBEC /* AppDelegate.m in Sources */ = {isa = PBXBuildFile; fileRef = 2BD005361C0F3CDC0009BBEC /* AppDelegate.m */; };
		2BD0054D1C0F3CDC0009BBEC /* __Tests.m in Sources */ = {isa = PBXBuildFile; fileRef = 2BD0054C1C0F3CDC0009BBEC /* __Tests.m */; };
		2BD005581C0F3CDD0009BBEC /* __UITests.m in Sources */ = {isa = PBXBuildFile; fileRef = 2BD005571C0F3CDD0009BBEC /* __UITests.m */; };
		2BD005671C0F3D0F0009BBEC /* YLTabBarViewController.m in Sources */ = {isa = PBXBuildFile; fileRef = 2BD005661C0F3D0F0009BBEC /* YLTabBarViewController.m */; };
		2BDF1E7B1C0FC3710074AE18 /* UIView+YLView.m in Sources */ = {isa = PBXBuildFile; fileRef = 2BDF1E7A1C0FC3710074AE18 /* UIView+YLView.m */; };
		2BDF1E7E1C0FCA030074AE18 /* YLPluseTabBar.m in Sources */ = {isa = PBXBuildFile; fileRef = 2BDF1E7D1C0FCA030074AE18 /* YLPluseTabBar.m */; };
		2BDF1E841C0FED940074AE18 /* Images-2.xcassets in Resources */ = {isa = PBXBuildFile; fileRef = 2BDF1E831C0FED940074AE18 /* Images-2.xcassets */; };
		2BDF1E871C10033E0074AE18 /* YLhomeTableViewController.m in Sources */ = {isa = PBXBuildFile; fileRef = 2BDF1E861C10033E0074AE18 /* YLhomeTableViewController.m */; };
		2BDF1E901C100FE10074AE18 /* YLhomeTittleButton.m in Sources */ = {isa = PBXBuildFile; fileRef = 2BDF1E8F1C100FE10074AE18 /* YLhomeTittleButton.m */; };
		2BDF1E931C1016F00074AE18 /* UIBarButtonItem+Extention.m in Sources */ = {isa = PBXBuildFile; fileRef = 2BDF1E921C1016F00074AE18 /* UIBarButtonItem+Extention.m */; };
		2BDF1E961C102F090074AE18 /* YLNavigationController.m in Sources */ = {isa = PBXBuildFile; fileRef = 2BDF1E951C102F090074AE18 /* YLNavigationController.m */; };
		2BDF1E991C102F6B0074AE18 /* YLtemp2ViewController.m in Sources */ = {isa = PBXBuildFile; fileRef = 2BDF1E981C102F6B0074AE18 /* YLtemp2ViewController.m */; };
		2BDF1E9C1C102F7A0074AE18 /* YLtemp3ViewController.m in Sources */ = {isa = PBXBuildFile; fileRef = 2BDF1E9B1C102F7A0074AE18 /* YLtemp3ViewController.m */; };
		2BDF1E9F1C107ADA0074AE18 /* YLdiscoverController.m in Sources */ = {isa = PBXBuildFile; fileRef = 2BDF1E9E1C107ADA0074AE18 /* YLdiscoverController.m */; };
		2BDF1EA21C107B8E0074AE18 /* YLsearchView.m in Sources */ = {isa = PBXBuildFile; fileRef = 2BDF1EA11C107B8E0074AE18 /* YLsearchView.m */; };
		2BDF1EA81C109E6F0074AE18 /* YLsearchView.xib in Resources */ = {isa = PBXBuildFile; fileRef = 2BDF1EA71C109E6F0074AE18 /* YLsearchView.xib */; };
		2BE1317B1C1322370046D56E /* YLOauthViewController.m in Sources */ = {isa = PBXBuildFile; fileRef = 2BE1317A1C1322370046D56E /* YLOauthViewController.m */; };
		2BE3E4FB1C11E71E0091A5E7 /* YLFearcherViewController.m in Sources */ = {isa = PBXBuildFile; fileRef = 2BE3E4FA1C11E71E0091A5E7 /* YLFearcherViewController.m */; };
/* End PBXBuildFile section */

/* Begin PBXContainerItemProxy section */
		2BD005491C0F3CDC0009BBEC /* PBXContainerItemProxy */ = {
			isa = PBXContainerItemProxy;
			containerPortal = 2BD005271C0F3CDC0009BBEC /* Project object */;
			proxyType = 1;
			remoteGlobalIDString = 2BD0052E1C0F3CDC0009BBEC;
			remoteInfo = "微博";
		};
		2BD005541C0F3CDC0009BBEC /* PBXContainerItemProxy */ = {
			isa = PBXContainerItemProxy;
			containerPortal = 2BD005271C0F3CDC0009BBEC /* Project object */;
			proxyType = 1;
			remoteGlobalIDString = 2BD0052E1C0F3CDC0009BBEC;
			remoteInfo = "微博";
		};
/* End PBXContainerItemProxy section */

/* Begin PBXFileReference section */
		2BBB22C91C113DE600F75BDC /* YLpopButton.h */ = {isa = PBXFileReference; fileEncoding = 4; lastKnownFileType = sourcecode.c.h; path = YLpopButton.h; sourceTree = "<group>"; };
		2BBB22CA1C113DE600F75BDC /* YLpopButton.m */ = {isa = PBXFileReference; fileEncoding = 4; lastKnownFileType = sourcecode.c.objc; path = YLpopButton.m; sourceTree = "<group>"; };
		2BD0052F1C0F3CDC0009BBEC /* 微博.app */ = {isa = PBXFileReference; explicitFileType = wrapper.application; includeInIndex = 0; path = "微博.app"; sourceTree = BUILT_PRODUCTS_DIR; };
		2BD005331C0F3CDC0009BBEC /* main.m */ = {isa = PBXFileReference; lastKnownFileType = sourcecode.c.objc; path = main.m; sourceTree = "<group>"; };
		2BD005351C0F3CDC0009BBEC /* AppDelegate.h */ = {isa = PBXFileReference; lastKnownFileType = sourcecode.c.h; path = AppDelegate.h; sourceTree = "<group>"; };
		2BD005361C0F3CDC0009BBEC /* AppDelegate.m */ = {isa = PBXFileReference; lastKnownFileType = sourcecode.c.objc; path = AppDelegate.m; sourceTree = "<group>"; };
		2BD005431C0F3CDC0009BBEC /* Info.plist */ = {isa = PBXFileReference; lastKnownFileType = text.plist.xml; path = Info.plist; sourceTree = "<group>"; };
		2BD005481C0F3CDC0009BBEC /* 微博Tests.xctest */ = {isa = PBXFileReference; explicitFileType = wrapper.cfbundle; includeInIndex = 0; path = "微博Tests.xctest"; sourceTree = BUILT_PRODUCTS_DIR; };
		2BD0054C1C0F3CDC0009BBEC /* __Tests.m */ = {isa = PBXFileReference; lastKnownFileType = sourcecode.c.objc; path = __Tests.m; sourceTree = "<group>"; };
		2BD0054E1C0F3CDC0009BBEC /* Info.plist */ = {isa = PBXFileReference; lastKnownFileType = text.plist.xml; path = Info.plist; sourceTree = "<group>"; };
		2BD005531C0F3CDC0009BBEC /* 微博UITests.xctest */ = {isa = PBXFileReference; explicitFileType = wrapper.cfbundle; includeInIndex = 0; path = "微博UITests.xctest"; sourceTree = BUILT_PRODUCTS_DIR; };
		2BD005571C0F3CDD0009BBEC /* __UITests.m */ = {isa = PBXFileReference; lastKnownFileType = sourcecode.c.objc; path = __UITests.m; sourceTree = "<group>"; };
		2BD005591C0F3CDD0009BBEC /* Info.plist */ = {isa = PBXFileReference; lastKnownFileType = text.plist.xml; path = Info.plist; sourceTree = "<group>"; };
		2BD005651C0F3D0F0009BBEC /* YLTabBarViewController.h */ = {isa = PBXFileReference; fileEncoding = 4; lastKnownFileType = sourcecode.c.h; path = YLTabBarViewController.h; sourceTree = "<group>"; };
		2BD005661C0F3D0F0009BBEC /* YLTabBarViewController.m */ = {isa = PBXFileReference; fileEncoding = 4; lastKnownFileType = sourcecode.c.objc; path = YLTabBarViewController.m; sourceTree = "<group>"; };
		2BD0062D1C0F63F40009BBEC /* PrefixHeader.pch */ = {isa = PBXFileReference; lastKnownFileType = sourcecode.c.h; path = PrefixHeader.pch; sourceTree = "<group>"; };
		2BDF1E791C0FC3710074AE18 /* UIView+YLView.h */ = {isa = PBXFileReference; fileEncoding = 4; lastKnownFileType = sourcecode.c.h; path = "UIView+YLView.h"; sourceTree = "<group>"; };
		2BDF1E7A1C0FC3710074AE18 /* UIView+YLView.m */ = {isa = PBXFileReference; fileEncoding = 4; lastKnownFileType = sourcecode.c.objc; path = "UIView+YLView.m"; sourceTree = "<group>"; };
		2BDF1E7C1C0FCA030074AE18 /* YLPluseTabBar.h */ = {isa = PBXFileReference; fileEncoding = 4; lastKnownFileType = sourcecode.c.h; path = YLPluseTabBar.h; sourceTree = "<group>"; };
		2BDF1E7D1C0FCA030074AE18 /* YLPluseTabBar.m */ = {isa = PBXFileReference; fileEncoding = 4; lastKnownFileType = sourcecode.c.objc; path = YLPluseTabBar.m; sourceTree = "<group>"; };
		2BDF1E831C0FED940074AE18 /* Images-2.xcassets */ = {isa = PBXFileReference; lastKnownFileType = folder.assetcatalog; path = "Images-2.xcassets"; sourceTree = "<group>"; };
		2BDF1E851C10033E0074AE18 /* YLhomeTableViewController.h */ = {isa = PBXFileReference; fileEncoding = 4; lastKnownFileType = sourcecode.c.h; path = YLhomeTableViewController.h; sourceTree = "<group>"; };
		2BDF1E861C10033E0074AE18 /* YLhomeTableViewController.m */ = {isa = PBXFileReference; fileEncoding = 4; lastKnownFileType = sourcecode.c.objc; path = YLhomeTableViewController.m; sourceTree = "<group>"; };
		2BDF1E8E1C100FE10074AE18 /* YLhomeTittleButton.h */ = {isa = PBXFileReference; fileEncoding = 4; lastKnownFileType = sourcecode.c.h; path = YLhomeTittleButton.h; sourceTree = "<group>"; };
		2BDF1E8F1C100FE10074AE18 /* YLhomeTittleButton.m */ = {isa = PBXFileReference; fileEncoding = 4; lastKnownFileType = sourcecode.c.objc; path = YLhomeTittleButton.m; sourceTree = "<group>"; };
		2BDF1E911C1016F00074AE18 /* UIBarButtonItem+Extention.h */ = {isa = PBXFileReference; fileEncoding = 4; lastKnownFileType = sourcecode.c.h; path = "UIBarButtonItem+Extention.h"; sourceTree = "<group>"; };
		2BDF1E921C1016F00074AE18 /* UIBarButtonItem+Extention.m */ = {isa = PBXFileReference; fileEncoding = 4; lastKnownFileType = sourcecode.c.objc; path = "UIBarButtonItem+Extention.m"; sourceTree = "<group>"; };
		2BDF1E941C102F090074AE18 /* YLNavigationController.h */ = {isa = PBXFileReference; fileEncoding = 4; lastKnownFileType = sourcecode.c.h; path = YLNavigationController.h; sourceTree = "<group>"; };
		2BDF1E951C102F090074AE18 /* YLNavigationController.m */ = {isa = PBXFileReference; fileEncoding = 4; lastKnownFileType = sourcecode.c.objc; path = YLNavigationController.m; sourceTree = "<group>"; };
		2BDF1E971C102F6B0074AE18 /* YLtemp2ViewController.h */ = {isa = PBXFileReference; fileEncoding = 4; lastKnownFileType = sourcecode.c.h; path = YLtemp2ViewController.h; sourceTree = "<group>"; };
		2BDF1E981C102F6B0074AE18 /* YLtemp2ViewController.m */ = {isa = PBXFileReference; fileEncoding = 4; lastKnownFileType = sourcecode.c.objc; path = YLtemp2ViewController.m; sourceTree = "<group>"; };
		2BDF1E9A1C102F7A0074AE18 /* YLtemp3ViewController.h */ = {isa = PBXFileReference; fileEncoding = 4; lastKnownFileType = sourcecode.c.h; path = YLtemp3ViewController.h; sourceTree = "<group>"; };
		2BDF1E9B1C102F7A0074AE18 /* YLtemp3ViewController.m */ = {isa = PBXFileReference; fileEncoding = 4; lastKnownFileType = sourcecode.c.objc; path = YLtemp3ViewController.m; sourceTree = "<group>"; };
		2BDF1E9D1C107ADA0074AE18 /* YLdiscoverController.h */ = {isa = PBXFileReference; fileEncoding = 4; lastKnownFileType = sourcecode.c.h; path = YLdiscoverController.h; sourceTree = "<group>"; };
		2BDF1E9E1C107ADA0074AE18 /* YLdiscoverController.m */ = {isa = PBXFileReference; fileEncoding = 4; lastKnownFileType = sourcecode.c.objc; path = YLdiscoverController.m; sourceTree = "<group>"; };
		2BDF1EA01C107B8E0074AE18 /* YLsearchView.h */ = {isa = PBXFileReference; fileEncoding = 4; lastKnownFileType = sourcecode.c.h; path = YLsearchView.h; sourceTree = "<group>"; };
		2BDF1EA11C107B8E0074AE18 /* YLsearchView.m */ = {isa = PBXFileReference; fileEncoding = 4; lastKnownFileType = sourcecode.c.objc; path = YLsearchView.m; sourceTree = "<group>"; };
		2BDF1EA71C109E6F0074AE18 /* YLsearchView.xib */ = {isa = PBXFileReference; fileEncoding = 4; lastKnownFileType = file.xib; path = YLsearchView.xib; sourceTree = "<group>"; };
		2BE131761C13216A0046D56E /* ReadMe.m */ = {isa = PBXFileReference; fileEncoding = 4; lastKnownFileType = sourcecode.c.objc; name = ReadMe.m; path = "../16iPhone项目/ReadMe.m"; sourceTree = "<group>"; };
		2BE131791C1322370046D56E /* YLOauthViewController.h */ = {isa = PBXFileReference; fileEncoding = 4; lastKnownFileType = sourcecode.c.h; path = YLOauthViewController.h; sourceTree = "<group>"; };
		2BE1317A1C1322370046D56E /* YLOauthViewController.m */ = {isa = PBXFileReference; fileEncoding = 4; lastKnownFileType = sourcecode.c.objc; path = YLOauthViewController.m; sourceTree = "<group>"; };
		2BE3E4F91C11E71E0091A5E7 /* YLFearcherViewController.h */ = {isa = PBXFileReference; fileEncoding = 4; lastKnownFileType = sourcecode.c.h; path = YLFearcherViewController.h; sourceTree = "<group>"; };
		2BE3E4FA1C11E71E0091A5E7 /* YLFearcherViewController.m */ = {isa = PBXFileReference; fileEncoding = 4; lastKnownFileType = sourcecode.c.objc; path = YLFearcherViewController.m; sourceTree = "<group>"; };
/* End PBXFileReference section */

/* Begin PBXFrameworksBuildPhase section */
		2BD0052C1C0F3CDC0009BBEC /* Frameworks */ = {
			isa = PBXFrameworksBuildPhase;
			buildActionMask = 2147483647;
			files = (
			);
			runOnlyForDeploymentPostprocessing = 0;
		};
		2BD005451C0F3CDC0009BBEC /* Frameworks */ = {
			isa = PBXFrameworksBuildPhase;
			buildActionMask = 2147483647;
			files = (
			);
			runOnlyForDeploymentPostprocessing = 0;
		};
		2BD005501C0F3CDC0009BBEC /* Frameworks */ = {
			isa = PBXFrameworksBuildPhase;
			buildActionMask = 2147483647;
			files = (
			);
			runOnlyForDeploymentPostprocessing = 0;
		};
/* End PBXFrameworksBuildPhase section */

/* Begin PBXGroup section */
		2BBB22B01C113AD100F75BDC /* Classes */ = {
			isa = PBXGroup;
			children = (
				2BE131781C13221B0046D56E /* Oauth */,
				2BE3E4F81C11E6290091A5E7 /* Fearcher */,
				2BBB22B11C113AE400F75BDC /* Home */,
				2BBB22B21C113AF900F75BDC /* Message */,
				2BBB22B31C113B0800F75BDC /* Discover */,
				2BBB22B41C113B1500F75BDC /* Profile */,
				2BBB22C11C113C1A00F75BDC /* Public */,
				2BBB22C51C113CA800F75BDC /* Temp */,
			);
			name = Classes;
			sourceTree = "<group>";
		};
		2BBB22B11C113AE400F75BDC /* Home */ = {
			isa = PBXGroup;
			children = (
				2BBB22B71C113B6100F75BDC /* Controller */,
				2BBB22B61C113B5900F75BDC /* View */,
				2BBB22B51C113B4B00F75BDC /* Model */,
			);
			name = Home;
			sourceTree = "<group>";
		};
		2BBB22B21C113AF900F75BDC /* Message */ = {
			isa = PBXGroup;
			children = (
				2BBB22BA1C113B9600F75BDC /* Controller */,
				2BBB22B91C113B8E00F75BDC /* View */,
				2BBB22B81C113B7500F75BDC /* Model */,
			);
			name = Message;
			sourceTree = "<group>";
		};
		2BBB22B31C113B0800F75BDC /* Discover */ = {
			isa = PBXGroup;
			children = (
				2BBB22BD1C113BBE00F75BDC /* Controller */,
				2BBB22BC1C113BB600F75BDC /* View */,
				2BBB22BB1C113BAC00F75BDC /* Model */,
			);
			name = Discover;
			sourceTree = "<group>";
		};
		2BBB22B41C113B1500F75BDC /* Profile */ = {
			isa = PBXGroup;
			children = (
				2BBB22C01C113C0400F75BDC /* Controller */,
				2BBB22BF1C113BFC00F75BDC /* View */,
				2BBB22BE1C113BF200F75BDC /* Model */,
			);
			name = Profile;
			sourceTree = "<group>";
		};
		2BBB22B51C113B4B00F75BDC /* Model */ = {
			isa = PBXGroup;
			children = (
			);
			name = Model;
			sourceTree = "<group>";
		};
		2BBB22B61C113B5900F75BDC /* View */ = {
			isa = PBXGroup;
			children = (
				2BBB22C91C113DE600F75BDC /* YLpopButton.h */,
				2BBB22CA1C113DE600F75BDC /* YLpopButton.m */,
				2BDF1E8E1C100FE10074AE18 /* YLhomeTittleButton.h */,
				2BDF1E8F1C100FE10074AE18 /* YLhomeTittleButton.m */,
			);
			name = View;
			sourceTree = "<group>";
		};
		2BBB22B71C113B6100F75BDC /* Controller */ = {
			isa = PBXGroup;
			children = (
				2BDF1E851C10033E0074AE18 /* YLhomeTableViewController.h */,
				2BDF1E861C10033E0074AE18 /* YLhomeTableViewController.m */,
			);
			name = Controller;
			sourceTree = "<group>";
		};
		2BBB22B81C113B7500F75BDC /* Model */ = {
			isa = PBXGroup;
			children = (
			);
			name = Model;
			sourceTree = "<group>";
		};
		2BBB22B91C113B8E00F75BDC /* View */ = {
			isa = PBXGroup;
			children = (
			);
			name = View;
			sourceTree = "<group>";
		};
		2BBB22BA1C113B9600F75BDC /* Controller */ = {
			isa = PBXGroup;
			children = (
			);
			name = Controller;
			sourceTree = "<group>";
		};
		2BBB22BB1C113BAC00F75BDC /* Model */ = {
			isa = PBXGroup;
			children = (
			);
			name = Model;
			sourceTree = "<group>";
		};
		2BBB22BC1C113BB600F75BDC /* View */ = {
			isa = PBXGroup;
			children = (
				2BDF1EA01C107B8E0074AE18 /* YLsearchView.h */,
				2BDF1EA11C107B8E0074AE18 /* YLsearchView.m */,
				2BDF1EA71C109E6F0074AE18 /* YLsearchView.xib */,
			);
			name = View;
			sourceTree = "<group>";
		};
		2BBB22BD1C113BBE00F75BDC /* Controller */ = {
			isa = PBXGroup;
			children = (
				2BDF1E9D1C107ADA0074AE18 /* YLdiscoverController.h */,
				2BDF1E9E1C107ADA0074AE18 /* YLdiscoverController.m */,
			);
			name = Controller;
			sourceTree = "<group>";
		};
		2BBB22BE1C113BF200F75BDC /* Model */ = {
			isa = PBXGroup;
			children = (
			);
			name = Model;
			sourceTree = "<group>";
		};
		2BBB22BF1C113BFC00F75BDC /* View */ = {
			isa = PBXGroup;
			children = (
			);
			name = View;
			sourceTree = "<group>";
		};
		2BBB22C01C113C0400F75BDC /* Controller */ = {
			isa = PBXGroup;
			children = (
			);
			name = Controller;
			sourceTree = "<group>";
		};
		2BBB22C11C113C1A00F75BDC /* Public */ = {
			isa = PBXGroup;
			children = (
				2BBB22C41C113C4600F75BDC /* Controller */,
				2BBB22C31C113C3F00F75BDC /* View */,
				2BBB22C21C113C3800F75BDC /* Model */,
			);
			name = Public;
			sourceTree = "<group>";
		};
		2BBB22C21C113C3800F75BDC /* Model */ = {
			isa = PBXGroup;
			children = (
			);
			name = Model;
			sourceTree = "<group>";
		};
		2BBB22C31C113C3F00F75BDC /* View */ = {
			isa = PBXGroup;
			children = (
				2BDF1E791C0FC3710074AE18 /* UIView+YLView.h */,
				2BDF1E7A1C0FC3710074AE18 /* UIView+YLView.m */,
				2BDF1E911C1016F00074AE18 /* UIBarButtonItem+Extention.h */,
				2BDF1E921C1016F00074AE18 /* UIBarButtonItem+Extention.m */,
				2BDF1E7C1C0FCA030074AE18 /* YLPluseTabBar.h */,
				2BDF1E7D1C0FCA030074AE18 /* YLPluseTabBar.m */,
			);
			name = View;
			sourceTree = "<group>";
		};
		2BBB22C41C113C4600F75BDC /* Controller */ = {
			isa = PBXGroup;
			children = (
				2BD005651C0F3D0F0009BBEC /* YLTabBarViewController.h */,
				2BD005661C0F3D0F0009BBEC /* YLTabBarViewController.m */,
				2BDF1E941C102F090074AE18 /* YLNavigationController.h */,
				2BDF1E951C102F090074AE18 /* YLNavigationController.m */,
			);
			name = Controller;
			sourceTree = "<group>";
		};
		2BBB22C51C113CA800F75BDC /* Temp */ = {
			isa = PBXGroup;
			children = (
				2BBB22C81C113D1D00F75BDC /* Controller */,
				2BBB22C71C113D1400F75BDC /* View */,
				2BBB22C61C113CF900F75BDC /* Model */,
			);
			name = Temp;
			sourceTree = "<group>";
		};
		2BBB22C61C113CF900F75BDC /* Model */ = {
			isa = PBXGroup;
			children = (
			);
			name = Model;
			sourceTree = "<group>";
		};
		2BBB22C71C113D1400F75BDC /* View */ = {
			isa = PBXGroup;
			children = (
			);
			name = View;
			sourceTree = "<group>";
		};
		2BBB22C81C113D1D00F75BDC /* Controller */ = {
			isa = PBXGroup;
			children = (
				2BDF1E971C102F6B0074AE18 /* YLtemp2ViewController.h */,
				2BDF1E981C102F6B0074AE18 /* YLtemp2ViewController.m */,
				2BDF1E9A1C102F7A0074AE18 /* YLtemp3ViewController.h */,
				2BDF1E9B1C102F7A0074AE18 /* YLtemp3ViewController.m */,
			);
			name = Controller;
			sourceTree = "<group>";
		};
		2BD005261C0F3CDC0009BBEC = {
			isa = PBXGroup;
			children = (
				2BE131761C13216A0046D56E /* ReadMe.m */,
				2BD005311C0F3CDC0009BBEC /* 微博 */,
				2BD0054B1C0F3CDC0009BBEC /* 微博Tests */,
				2BD005561C0F3CDD0009BBEC /* 微博UITests */,
				2BD005301C0F3CDC0009BBEC /* Products */,
			);
			sourceTree = "<group>";
		};
		2BD005301C0F3CDC0009BBEC /* Products */ = {
			isa = PBXGroup;
			children = (
				2BD0052F1C0F3CDC0009BBEC /* 微博.app */,
				2BD005481C0F3CDC0009BBEC /* 微博Tests.xctest */,
				2BD005531C0F3CDC0009BBEC /* 微博UITests.xctest */,
			);
			name = Products;
			sourceTree = "<group>";
		};
		2BD005311C0F3CDC0009BBEC /* 微博 */ = {
			isa = PBXGroup;
			children = (
				2BBB22B01C113AD100F75BDC /* Classes */,
				2BD005351C0F3CDC0009BBEC /* AppDelegate.h */,
				2BD005361C0F3CDC0009BBEC /* AppDelegate.m */,
				2BDF1E831C0FED940074AE18 /* Images-2.xcassets */,
				2BD005321C0F3CDC0009BBEC /* Supporting Files */,
			);
			path = "微博";
			sourceTree = "<group>";
		};
		2BD005321C0F3CDC0009BBEC /* Supporting Files */ = {
			isa = PBXGroup;
			children = (
				2BD005431C0F3CDC0009BBEC /* Info.plist */,
				2BD005331C0F3CDC0009BBEC /* main.m */,
				2BD0062D1C0F63F40009BBEC /* PrefixHeader.pch */,
			);
			name = "Supporting Files";
			sourceTree = "<group>";
		};
		2BD0054B1C0F3CDC0009BBEC /* 微博Tests */ = {
			isa = PBXGroup;
			children = (
				2BD0054C1C0F3CDC0009BBEC /* __Tests.m */,
				2BD0054E1C0F3CDC0009BBEC /* Info.plist */,
			);
			path = "微博Tests";
			sourceTree = "<group>";
		};
		2BD005561C0F3CDD0009BBEC /* 微博UITests */ = {
			isa = PBXGroup;
			children = (
				2BD005571C0F3CDD0009BBEC /* __UITests.m */,
				2BD005591C0F3CDD0009BBEC /* Info.plist */,
			);
			path = "微博UITests";
			sourceTree = "<group>";
		};
		2BE131781C13221B0046D56E /* Oauth */ = {
			isa = PBXGroup;
			children = (
				2BE131791C1322370046D56E /* YLOauthViewController.h */,
				2BE1317A1C1322370046D56E /* YLOauthViewController.m */,
			);
			name = Oauth;
			sourceTree = "<group>";
		};
		2BE3E4F81C11E6290091A5E7 /* Fearcher */ = {
			isa = PBXGroup;
			children = (
				2BE3E4F91C11E71E0091A5E7 /* YLFearcherViewController.h */,
				2BE3E4FA1C11E71E0091A5E7 /* YLFearcherViewController.m */,
			);
			name = Fearcher;
			sourceTree = "<group>";
		};
/* End PBXGroup section */

/* Begin PBXNativeTarget section */
		2BD0052E1C0F3CDC0009BBEC /* 微博 */ = {
			isa = PBXNativeTarget;
			buildConfigurationList = 2BD0055C1C0F3CDD0009BBEC /* Build configuration list for PBXNativeTarget "微博" */;
			buildPhases = (
				2BD0052B1C0F3CDC0009BBEC /* Sources */,
				2BD0052C1C0F3CDC0009BBEC /* Frameworks */,
				2BD0052D1C0F3CDC0009BBEC /* Resources */,
			);
			buildRules = (
			);
			dependencies = (
			);
			name = "微博";
			productName = "微博";
			productReference = 2BD0052F1C0F3CDC0009BBEC /* 微博.app */;
			productType = "com.apple.product-type.application";
		};
		2BD005471C0F3CDC0009BBEC /* 微博Tests */ = {
			isa = PBXNativeTarget;
			buildConfigurationList = 2BD0055F1C0F3CDD0009BBEC /* Build configuration list for PBXNativeTarget "微博Tests" */;
			buildPhases = (
				2BD005441C0F3CDC0009BBEC /* Sources */,
				2BD005451C0F3CDC0009BBEC /* Frameworks */,
				2BD005461C0F3CDC0009BBEC /* Resources */,
			);
			buildRules = (
			);
			dependencies = (
				2BD0054A1C0F3CDC0009BBEC /* PBXTargetDependency */,
			);
			name = "微博Tests";
			productName = "微博Tests";
			productReference = 2BD005481C0F3CDC0009BBEC /* 微博Tests.xctest */;
			productType = "com.apple.product-type.bundle.unit-test";
		};
		2BD005521C0F3CDC0009BBEC /* 微博UITests */ = {
			isa = PBXNativeTarget;
			buildConfigurationList = 2BD005621C0F3CDD0009BBEC /* Build configuration list for PBXNativeTarget "微博UITests" */;
			buildPhases = (
				2BD0054F1C0F3CDC0009BBEC /* Sources */,
				2BD005501C0F3CDC0009BBEC /* Frameworks */,
				2BD005511C0F3CDC0009BBEC /* Resources */,
			);
			buildRules = (
			);
			dependencies = (
				2BD005551C0F3CDC0009BBEC /* PBXTargetDependency */,
			);
			name = "微博UITests";
			productName = "微博UITests";
			productReference = 2BD005531C0F3CDC0009BBEC /* 微博UITests.xctest */;
			productType = "com.apple.product-type.bundle.ui-testing";
		};
/* End PBXNativeTarget section */

/* Begin PBXProject section */
		2BD005271C0F3CDC0009BBEC /* Project object */ = {
			isa = PBXProject;
			attributes = {
				CLASSPREFIX = YL;
				LastUpgradeCheck = 0710;
				ORGANIZATIONNAME = tao;
				TargetAttributes = {
					2BD0052E1C0F3CDC0009BBEC = {
						CreatedOnToolsVersion = 7.1.1;
					};
					2BD005471C0F3CDC0009BBEC = {
						CreatedOnToolsVersion = 7.1.1;
						TestTargetID = 2BD0052E1C0F3CDC0009BBEC;
					};
					2BD005521C0F3CDC0009BBEC = {
						CreatedOnToolsVersion = 7.1.1;
						TestTargetID = 2BD0052E1C0F3CDC0009BBEC;
					};
				};
			};
			buildConfigurationList = 2BD0052A1C0F3CDC0009BBEC /* Build configuration list for PBXProject "微博" */;
			compatibilityVersion = "Xcode 3.2";
			developmentRegion = English;
			hasScannedForEncodings = 0;
			knownRegions = (
				en,
				Base,
			);
			mainGroup = 2BD005261C0F3CDC0009BBEC;
			productRefGroup = 2BD005301C0F3CDC0009BBEC /* Products */;
			projectDirPath = "";
			projectRoot = "";
			targets = (
				2BD0052E1C0F3CDC0009BBEC /* 微博 */,
				2BD005471C0F3CDC0009BBEC /* 微博Tests */,
				2BD005521C0F3CDC0009BBEC /* 微博UITests */,
			);
		};
/* End PBXProject section */

/* Begin PBXResourcesBuildPhase section */
		2BD0052D1C0F3CDC0009BBEC /* Resources */ = {
			isa = PBXResourcesBuildPhase;
			buildActionMask = 2147483647;
			files = (
				2BDF1E841C0FED940074AE18 /* Images-2.xcassets in Resources */,
				2BDF1EA81C109E6F0074AE18 /* YLsearchView.xib in Resources */,
			);
			runOnlyForDeploymentPostprocessing = 0;
		};
		2BD005461C0F3CDC0009BBEC /* Resources */ = {
			isa = PBXResourcesBuildPhase;
			buildActionMask = 2147483647;
			files = (
			);
			runOnlyForDeploymentPostprocessing = 0;
		};
		2BD005511C0F3CDC0009BBEC /* Resources */ = {
			isa = PBXResourcesBuildPhase;
			buildActionMask = 2147483647;
			files = (
			);
			runOnlyForDeploymentPostprocessing = 0;
		};
/* End PBXResourcesBuildPhase section */

/* Begin PBXSourcesBuildPhase section */
		2BD0052B1C0F3CDC0009BBEC /* Sources */ = {
			isa = PBXSourcesBuildPhase;
			buildActionMask = 2147483647;
			files = (
				2BD005371C0F3CDC0009BBEC /* AppDelegate.m in Sources */,
				2BE3E4FB1C11E71E0091A5E7 /* YLFearcherViewController.m in Sources */,
				2BBB22CB1C113DE600F75BDC /* YLpopButton.m in Sources */,
				2BDF1E991C102F6B0074AE18 /* YLtemp2ViewController.m in Sources */,
				2BD005341C0F3CDC0009BBEC /* main.m in Sources */,
				2BDF1E871C10033E0074AE18 /* YLhomeTableViewController.m in Sources */,
				2BDF1E931C1016F00074AE18 /* UIBarButtonItem+Extention.m in Sources */,
				2BE1317B1C1322370046D56E /* YLOauthViewController.m in Sources */,
				2BDF1E7B1C0FC3710074AE18 /* UIView+YLView.m in Sources */,
				2BDF1EA21C107B8E0074AE18 /* YLsearchView.m in Sources */,
				2BDF1E961C102F090074AE18 /* YLNavigationController.m in Sources */,
				2BDF1E7E1C0FCA030074AE18 /* YLPluseTabBar.m in Sources */,
				2BD005671C0F3D0F0009BBEC /* YLTabBarViewController.m in Sources */,
				2BDF1E9F1C107ADA0074AE18 /* YLdiscoverController.m in Sources */,
				2BDF1E901C100FE10074AE18 /* YLhomeTittleButton.m in Sources */,
				2BDF1E9C1C102F7A0074AE18 /* YLtemp3ViewController.m in Sources */,
			);
			runOnlyForDeploymentPostprocessing = 0;
		};
		2BD005441C0F3CDC0009BBEC /* Sources */ = {
			isa = PBXSourcesBuildPhase;
			buildActionMask = 2147483647;
			files = (
				2BD0054D1C0F3CDC0009BBEC /* __Tests.m in Sources */,
			);
			runOnlyForDeploymentPostprocessing = 0;
		};
		2BD0054F1C0F3CDC0009BBEC /* Sources */ = {
			isa = PBXSourcesBuildPhase;
			buildActionMask = 2147483647;
			files = (
				2BD005581C0F3CDD0009BBEC /* __UITests.m in Sources */,
			);
			runOnlyForDeploymentPostprocessing = 0;
		};
/* End PBXSourcesBuildPhase section */

/* Begin PBXTargetDependency section */
		2BD0054A1C0F3CDC0009BBEC /* PBXTargetDependency */ = {
			isa = PBXTargetDependency;
			target = 2BD0052E1C0F3CDC0009BBEC /* 微博 */;
			targetProxy = 2BD005491C0F3CDC0009BBEC /* PBXContainerItemProxy */;
		};
		2BD005551C0F3CDC0009BBEC /* PBXTargetDependency */ = {
			isa = PBXTargetDependency;
			target = 2BD0052E1C0F3CDC0009BBEC /* 微博 */;
			targetProxy = 2BD005541C0F3CDC0009BBEC /* PBXContainerItemProxy */;
		};
/* End PBXTargetDependency section */

/* Begin XCBuildConfiguration section */
		2BD0055A1C0F3CDD0009BBEC /* Debug */ = {
			isa = XCBuildConfiguration;
			buildSettings = {
				ALWAYS_SEARCH_USER_PATHS = NO;
				CLANG_CXX_LANGUAGE_STANDARD = "gnu++0x";
				CLANG_CXX_LIBRARY = "libc++";
				CLANG_ENABLE_MODULES = YES;
				CLANG_ENABLE_OBJC_ARC = YES;
				CLANG_WARN_BOOL_CONVERSION = YES;
				CLANG_WARN_CONSTANT_CONVERSION = YES;
				CLANG_WARN_DIRECT_OBJC_ISA_USAGE = YES_ERROR;
				CLANG_WARN_EMPTY_BODY = YES;
				CLANG_WARN_ENUM_CONVERSION = YES;
				CLANG_WARN_INT_CONVERSION = YES;
				CLANG_WARN_OBJC_ROOT_CLASS = YES_ERROR;
				CLANG_WARN_UNREACHABLE_CODE = YES;
				CLANG_WARN__DUPLICATE_METHOD_MATCH = YES;
				"CODE_SIGN_IDENTITY[sdk=iphoneos*]" = "iPhone Developer";
				COPY_PHASE_STRIP = NO;
				DEBUG_INFORMATION_FORMAT = dwarf;
				ENABLE_STRICT_OBJC_MSGSEND = YES;
				ENABLE_TESTABILITY = YES;
				GCC_C_LANGUAGE_STANDARD = gnu99;
				GCC_DYNAMIC_NO_PIC = NO;
				GCC_NO_COMMON_BLOCKS = YES;
				GCC_OPTIMIZATION_LEVEL = 0;
				GCC_PREPROCESSOR_DEFINITIONS = (
					"DEBUG=1",
					"$(inherited)",
				);
				GCC_WARN_64_TO_32_BIT_CONVERSION = YES;
				GCC_WARN_ABOUT_RETURN_TYPE = YES_ERROR;
				GCC_WARN_UNDECLARED_SELECTOR = YES;
				GCC_WARN_UNINITIALIZED_AUTOS = YES_AGGRESSIVE;
				GCC_WARN_UNUSED_FUNCTION = YES;
				GCC_WARN_UNUSED_VARIABLE = YES;
				IPHONEOS_DEPLOYMENT_TARGET = 9.1;
				MTL_ENABLE_DEBUG_INFO = YES;
				ONLY_ACTIVE_ARCH = YES;
				SDKROOT = iphoneos;
			};
			name = Debug;
		};
		2BD0055B1C0F3CDD0009BBEC /* Release */ = {
			isa = XCBuildConfiguration;
			buildSettings = {
				ALWAYS_SEARCH_USER_PATHS = NO;
				CLANG_CXX_LANGUAGE_STANDARD = "gnu++0x";
				CLANG_CXX_LIBRARY = "libc++";
				CLANG_ENABLE_MODULES = YES;
				CLANG_ENABLE_OBJC_ARC = YES;
				CLANG_WARN_BOOL_CONVERSION = YES;
				CLANG_WARN_CONSTANT_CONVERSION = YES;
				CLANG_WARN_DIRECT_OBJC_ISA_USAGE = YES_ERROR;
				CLANG_WARN_EMPTY_BODY = YES;
				CLANG_WARN_ENUM_CONVERSION = YES;
				CLANG_WARN_INT_CONVERSION = YES;
				CLANG_WARN_OBJC_ROOT_CLASS = YES_ERROR;
				CLANG_WARN_UNREACHABLE_CODE = YES;
				CLANG_WARN__DUPLICATE_METHOD_MATCH = YES;
				"CODE_SIGN_IDENTITY[sdk=iphoneos*]" = "iPhone Developer";
				COPY_PHASE_STRIP = NO;
				DEBUG_INFORMATION_FORMAT = "dwarf-with-dsym";
				ENABLE_NS_ASSERTIONS = NO;
				ENABLE_STRICT_OBJC_MSGSEND = YES;
				GCC_C_LANGUAGE_STANDARD = gnu99;
				GCC_NO_COMMON_BLOCKS = YES;
				GCC_WARN_64_TO_32_BIT_CONVERSION = YES;
				GCC_WARN_ABOUT_RETURN_TYPE = YES_ERROR;
				GCC_WARN_UNDECLARED_SELECTOR = YES;
				GCC_WARN_UNINITIALIZED_AUTOS = YES_AGGRESSIVE;
				GCC_WARN_UNUSED_FUNCTION = YES;
				GCC_WARN_UNUSED_VARIABLE = YES;
				IPHONEOS_DEPLOYMENT_TARGET = 9.1;
				MTL_ENABLE_DEBUG_INFO = NO;
				SDKROOT = iphoneos;
				VALIDATE_PRODUCT = YES;
			};
			name = Release;
		};
		2BD0055D1C0F3CDD0009BBEC /* Debug */ = {
			isa = XCBuildConfiguration;
			buildSettings = {
				ASSETCATALOG_COMPILER_APPICON_NAME = AppIcon;
				ASSETCATALOG_COMPILER_LAUNCHIMAGE_NAME = "Brand Assets";
				GCC_PREFIX_HEADER = "/Users/tao/Desktop/微博/微博/PrefixHeader.pch";
				INFOPLIST_FILE = "微博/Info.plist";
				IPHONEOS_DEPLOYMENT_TARGET = 7.0;
				LD_RUNPATH_SEARCH_PATHS = "$(inherited) @executable_path/Frameworks";
				PRODUCT_BUNDLE_IDENTIFIER = "none.--";
				PRODUCT_NAME = "$(TARGET_NAME)";
			};
			name = Debug;
		};
		2BD0055E1C0F3CDD0009BBEC /* Release */ = {
			isa = XCBuildConfiguration;
			buildSettings = {
				ASSETCATALOG_COMPILER_APPICON_NAME = AppIcon;
				ASSETCATALOG_COMPILER_LAUNCHIMAGE_NAME = "Brand Assets";
				GCC_PREFIX_HEADER = "/Users/tao/Desktop/微博/微博/PrefixHeader.pch";
				INFOPLIST_FILE = "微博/Info.plist";
				IPHONEOS_DEPLOYMENT_TARGET = 7.0;
				LD_RUNPATH_SEARCH_PATHS = "$(inherited) @executable_path/Frameworks";
				PRODUCT_BUNDLE_IDENTIFIER = "none.--";
				PRODUCT_NAME = "$(TARGET_NAME)";
			};
			name = Release;
		};
		2BD005601C0F3CDD0009BBEC /* Debug */ = {
			isa = XCBuildConfiguration;
			buildSettings = {
				BUNDLE_LOADER = "$(TEST_HOST)";
				INFOPLIST_FILE = "微博Tests/Info.plist";
				LD_RUNPATH_SEARCH_PATHS = "$(inherited) @executable_path/Frameworks @loader_path/Frameworks";
				PRODUCT_BUNDLE_IDENTIFIER = "none.--Tests";
				PRODUCT_NAME = "$(TARGET_NAME)";
				TEST_HOST = "$(BUILT_PRODUCTS_DIR)/微博.app/微博";
			};
			name = Debug;
		};
		2BD005611C0F3CDD0009BBEC /* Release */ = {
			isa = XCBuildConfiguration;
			buildSettings = {
				BUNDLE_LOADER = "$(TEST_HOST)";
				INFOPLIST_FILE = "微博Tests/Info.plist";
				LD_RUNPATH_SEARCH_PATHS = "$(inherited) @executable_path/Frameworks @loader_path/Frameworks";
				PRODUCT_BUNDLE_IDENTIFIER = "none.--Tests";
				PRODUCT_NAME = "$(TARGET_NAME)";
				TEST_HOST = "$(BUILT_PRODUCTS_DIR)/微博.app/微博";
			};
			name = Release;
		};
		2BD005631C0F3CDD0009BBEC /* Debug */ = {
			isa = XCBuildConfiguration;
			buildSettings = {
				INFOPLIST_FILE = "微博UITests/Info.plist";
				LD_RUNPATH_SEARCH_PATHS = "$(inherited) @executable_path/Frameworks @loader_path/Frameworks";
				PRODUCT_BUNDLE_IDENTIFIER = "none.--UITests";
				PRODUCT_NAME = "$(TARGET_NAME)";
				TEST_TARGET_NAME = "微博";
				USES_XCTRUNNER = YES;
			};
			name = Debug;
		};
		2BD005641C0F3CDD0009BBEC /* Release */ = {
			isa = XCBuildConfiguration;
			buildSettings = {
				INFOPLIST_FILE = "微博UITests/Info.plist";
				LD_RUNPATH_SEARCH_PATHS = "$(inherited) @executable_path/Frameworks @loader_path/Frameworks";
				PRODUCT_BUNDLE_IDENTIFIER = "none.--UITests";
				PRODUCT_NAME = "$(TARGET_NAME)";
				TEST_TARGET_NAME = "微博";
				USES_XCTRUNNER = YES;
			};
			name = Release;
		};
/* End XCBuildConfiguration section */

/* Begin XCConfigurationList section */
		2BD0052A1C0F3CDC0009BBEC /* Build configuration list for PBXProject "微博" */ = {
			isa = XCConfigurationList;
			buildConfigurations = (
				2BD0055A1C0F3CDD0009BBEC /* Debug */,
				2BD0055B1C0F3CDD0009BBEC /* Release */,
			);
			defaultConfigurationIsVisible = 0;
			defaultConfigurationName = Release;
		};
		2BD0055C1C0F3CDD0009BBEC /* Build configuration list for PBXNativeTarget "微博" */ = {
			isa = XCConfigurationList;
			buildConfigurations = (
				2BD0055D1C0F3CDD0009BBEC /* Debug */,
				2BD0055E1C0F3CDD0009BBEC /* Release */,
			);
			defaultConfigurationIsVisible = 0;
			defaultConfigurationName = Release;
		};
		2BD0055F1C0F3CDD0009BBEC /* Build configuration list for PBXNativeTarget "微博Tests" */ = {
			isa = XCConfigurationList;
			buildConfigurations = (
				2BD005601C0F3CDD0009BBEC /* Debug */,
				2BD005611C0F3CDD0009BBEC /* Release */,
			);
			defaultConfigurationIsVisible = 0;
			defaultConfigurationName = Release;
		};
		2BD005621C0F3CDD0009BBEC /* Build configuration list for PBXNativeTarget "微博UITests" */ = {
			isa = XCConfigurationList;
			buildConfigurations = (
				2BD005631C0F3CDD0009BBEC /* Debug */,
				2BD005641C0F3CDD0009BBEC /* Release */,
			);
			defaultConfigurationIsVisible = 0;
			defaultConfigurationName = Release;
		};
/* End XCConfigurationList section */
	};
	rootObject = 2BD005271C0F3CDC0009BBEC /* Project object */;
}
